// !$*UTF8*$!
{
	archiveVersion = 1;
	classes = {
	};
	objectVersion = 50;
	objects = {

/* Begin PBXBuildFile section */
		C648B88722C211B900B0EF7A /* AppDelegate.m in Sources */ = {isa = PBXBuildFile; fileRef = C648B88622C211B900B0EF7A /* AppDelegate.m */; };
		C648B88A22C211B900B0EF7A /* ViewController.m in Sources */ = {isa = PBXBuildFile; fileRef = C648B88922C211B900B0EF7A /* ViewController.m */; };
		C648B88D22C211B900B0EF7A /* Main.storyboard in Resources */ = {isa = PBXBuildFile; fileRef = C648B88B22C211B900B0EF7A /* Main.storyboard */; };
		C648B88F22C211BB00B0EF7A /* Assets.xcassets in Resources */ = {isa = PBXBuildFile; fileRef = C648B88E22C211BB00B0EF7A /* Assets.xcassets */; };
		C648B89222C211BB00B0EF7A /* LaunchScreen.storyboard in Resources */ = {isa = PBXBuildFile; fileRef = C648B89022C211BB00B0EF7A /* LaunchScreen.storyboard */; };
		C648B89522C211BB00B0EF7A /* main.m in Sources */ = {isa = PBXBuildFile; fileRef = C648B89422C211BB00B0EF7A /* main.m */; };
		C648B8CC22C2155D00B0EF7A /* BabyToy.m in Sources */ = {isa = PBXBuildFile; fileRef = C648B8BC22C2155D00B0EF7A /* BabyToy.m */; };
		C648B8CD22C2155D00B0EF7A /* BabyOptions.m in Sources */ = {isa = PBXBuildFile; fileRef = C648B8C122C2155D00B0EF7A /* BabyOptions.m */; };
		C648B8CE22C2155D00B0EF7A /* BabyCallback.m in Sources */ = {isa = PBXBuildFile; fileRef = C648B8C222C2155D00B0EF7A /* BabyCallback.m */; };
		C648B8CF22C2155D00B0EF7A /* BabyPeripheralManager.m in Sources */ = {isa = PBXBuildFile; fileRef = C648B8C322C2155D00B0EF7A /* BabyPeripheralManager.m */; };
		C648B8D022C2155D00B0EF7A /* BabyCentralManager.m in Sources */ = {isa = PBXBuildFile; fileRef = C648B8C422C2155D00B0EF7A /* BabyCentralManager.m */; };
		C648B8D122C2155D00B0EF7A /* BabySpeaker.m in Sources */ = {isa = PBXBuildFile; fileRef = C648B8C522C2155D00B0EF7A /* BabySpeaker.m */; };
		C648B8D222C2155D00B0EF7A /* BabyRhythm.m in Sources */ = {isa = PBXBuildFile; fileRef = C648B8C722C2155D00B0EF7A /* BabyRhythm.m */; };
		C648B8D322C2155D00B0EF7A /* BabyBluetooth.m in Sources */ = {isa = PBXBuildFile; fileRef = C648B8C922C2155D00B0EF7A /* BabyBluetooth.m */; };
		C648B8D422C2155D00B0EF7A /* BabyDefine.m in Sources */ = {isa = PBXBuildFile; fileRef = C648B8CA22C2155D00B0EF7A /* BabyDefine.m */; };
		C648B8D622C2409E00B0EF7A /* YNBluetooth.podspec in Resources */ = {isa = PBXBuildFile; fileRef = C648B8D522C2409E00B0EF7A /* YNBluetooth.podspec */; };
/* End PBXBuildFile section */

/* Begin PBXFileReference section */
		C648B88222C211B900B0EF7A /* YNBluetooth.app */ = {isa = PBXFileReference; explicitFileType = wrapper.application; includeInIndex = 0; path = YNBluetooth.app; sourceTree = BUILT_PRODUCTS_DIR; };
		C648B88522C211B900B0EF7A /* AppDelegate.h */ = {isa = PBXFileReference; lastKnownFileType = sourcecode.c.h; path = AppDelegate.h; sourceTree = "<group>"; };
		C648B88622C211B900B0EF7A /* AppDelegate.m */ = {isa = PBXFileReference; lastKnownFileType = sourcecode.c.objc; path = AppDelegate.m; sourceTree = "<group>"; };
		C648B88822C211B900B0EF7A /* ViewController.h */ = {isa = PBXFileReference; lastKnownFileType = sourcecode.c.h; path = ViewController.h; sourceTree = "<group>"; };
		C648B88922C211B900B0EF7A /* ViewController.m */ = {isa = PBXFileReference; lastKnownFileType = sourcecode.c.objc; path = ViewController.m; sourceTree = "<group>"; };
		C648B88C22C211B900B0EF7A /* Base */ = {isa = PBXFileReference; lastKnownFileType = file.storyboard; name = Base; path = Base.lproj/Main.storyboard; sourceTree = "<group>"; };
		C648B88E22C211BB00B0EF7A /* Assets.xcassets */ = {isa = PBXFileReference; lastKnownFileType = folder.assetcatalog; path = Assets.xcassets; sourceTree = "<group>"; };
		C648B89122C211BB00B0EF7A /* Base */ = {isa = PBXFileReference; lastKnownFileType = file.storyboard; name = Base; path = Base.lproj/LaunchScreen.storyboard; sourceTree = "<group>"; };
		C648B89322C211BB00B0EF7A /* Info.plist */ = {isa = PBXFileReference; lastKnownFileType = text.plist.xml; path = Info.plist; sourceTree = "<group>"; };
		C648B89422C211BB00B0EF7A /* main.m */ = {isa = PBXFileReference; lastKnownFileType = sourcecode.c.objc; path = main.m; sourceTree = "<group>"; };
		C648B8BA22C2155D00B0EF7A /* BabyRhythm.h */ = {isa = PBXFileReference; fileEncoding = 4; lastKnownFileType = sourcecode.c.h; path = BabyRhythm.h; sourceTree = "<group>"; };
		C648B8BB22C2155D00B0EF7A /* BabySpeaker.h */ = {isa = PBXFileReference; fileEncoding = 4; lastKnownFileType = sourcecode.c.h; path = BabySpeaker.h; sourceTree = "<group>"; };
		C648B8BC22C2155D00B0EF7A /* BabyToy.m */ = {isa = PBXFileReference; fileEncoding = 4; lastKnownFileType = sourcecode.c.objc; path = BabyToy.m; sourceTree = "<group>"; };
		C648B8BD22C2155D00B0EF7A /* BabyCentralManager.h */ = {isa = PBXFileReference; fileEncoding = 4; lastKnownFileType = sourcecode.c.h; path = BabyCentralManager.h; sourceTree = "<group>"; };
		C648B8BE22C2155D00B0EF7A /* BabyPeripheralManager.h */ = {isa = PBXFileReference; fileEncoding = 4; lastKnownFileType = sourcecode.c.h; path = BabyPeripheralManager.h; sourceTree = "<group>"; };
		C648B8BF22C2155D00B0EF7A /* BabyDefine.h */ = {isa = PBXFileReference; fileEncoding = 4; lastKnownFileType = sourcecode.c.h; path = BabyDefine.h; sourceTree = "<group>"; };
		C648B8C022C2155D00B0EF7A /* BabyBluetooth.h */ = {isa = PBXFileReference; fileEncoding = 4; lastKnownFileType = sourcecode.c.h; path = BabyBluetooth.h; sourceTree = "<group>"; };
		C648B8C122C2155D00B0EF7A /* BabyOptions.m */ = {isa = PBXFileReference; fileEncoding = 4; lastKnownFileType = sourcecode.c.objc; path = BabyOptions.m; sourceTree = "<group>"; };
		C648B8C222C2155D00B0EF7A /* BabyCallback.m */ = {isa = PBXFileReference; fileEncoding = 4; lastKnownFileType = sourcecode.c.objc; path = BabyCallback.m; sourceTree = "<group>"; };
		C648B8C322C2155D00B0EF7A /* BabyPeripheralManager.m */ = {isa = PBXFileReference; fileEncoding = 4; lastKnownFileType = sourcecode.c.objc; path = BabyPeripheralManager.m; sourceTree = "<group>"; };
		C648B8C422C2155D00B0EF7A /* BabyCentralManager.m */ = {isa = PBXFileReference; fileEncoding = 4; lastKnownFileType = sourcecode.c.objc; path = BabyCentralManager.m; sourceTree = "<group>"; };
		C648B8C522C2155D00B0EF7A /* BabySpeaker.m */ = {isa = PBXFileReference; fileEncoding = 4; lastKnownFileType = sourcecode.c.objc; path = BabySpeaker.m; sourceTree = "<group>"; };
		C648B8C622C2155D00B0EF7A /* BabyToy.h */ = {isa = PBXFileReference; fileEncoding = 4; lastKnownFileType = sourcecode.c.h; path = BabyToy.h; sourceTree = "<group>"; };
		C648B8C722C2155D00B0EF7A /* BabyRhythm.m */ = {isa = PBXFileReference; fileEncoding = 4; lastKnownFileType = sourcecode.c.objc; path = BabyRhythm.m; sourceTree = "<group>"; };
		C648B8C822C2155D00B0EF7A /* BabyOptions.h */ = {isa = PBXFileReference; fileEncoding = 4; lastKnownFileType = sourcecode.c.h; path = BabyOptions.h; sourceTree = "<group>"; };
		C648B8C922C2155D00B0EF7A /* BabyBluetooth.m */ = {isa = PBXFileReference; fileEncoding = 4; lastKnownFileType = sourcecode.c.objc; path = BabyBluetooth.m; sourceTree = "<group>"; };
		C648B8CA22C2155D00B0EF7A /* BabyDefine.m */ = {isa = PBXFileReference; fileEncoding = 4; lastKnownFileType = sourcecode.c.objc; path = BabyDefine.m; sourceTree = "<group>"; };
		C648B8CB22C2155D00B0EF7A /* BabyCallback.h */ = {isa = PBXFileReference; fileEncoding = 4; lastKnownFileType = sourcecode.c.h; path = BabyCallback.h; sourceTree = "<group>"; };
		C648B8D522C2409E00B0EF7A /* YNBluetooth.podspec */ = {isa = PBXFileReference; fileEncoding = 4; lastKnownFileType = text; name = YNBluetooth.podspec; path = ../../YNBluetooth.podspec; sourceTree = "<group>"; };
/* End PBXFileReference section */

/* Begin PBXFrameworksBuildPhase section */
		C648B87F22C211B900B0EF7A /* Frameworks */ = {
			isa = PBXFrameworksBuildPhase;
			buildActionMask = 2147483647;
			files = (
			);
			runOnlyForDeploymentPostprocessing = 0;
		};
/* End PBXFrameworksBuildPhase section */

/* Begin PBXGroup section */
		C648B87922C211B900B0EF7A = {
			isa = PBXGroup;
			children = (
				C648B88422C211B900B0EF7A /* YNBluetooth */,
				C648B88322C211B900B0EF7A /* Products */,
			);
			sourceTree = "<group>";
		};
		C648B88322C211B900B0EF7A /* Products */ = {
			isa = PBXGroup;
			children = (
				C648B88222C211B900B0EF7A /* YNBluetooth.app */,
			);
			name = Products;
			sourceTree = "<group>";
		};
		C648B88422C211B900B0EF7A /* YNBluetooth */ = {
			isa = PBXGroup;
			children = (
				C648B8D522C2409E00B0EF7A /* YNBluetooth.podspec */,
				C648B8B922C2155D00B0EF7A /* Classes */,
				C648B88522C211B900B0EF7A /* AppDelegate.h */,
				C648B88622C211B900B0EF7A /* AppDelegate.m */,
				C648B88822C211B900B0EF7A /* ViewController.h */,
				C648B88922C211B900B0EF7A /* ViewController.m */,
				C648B88B22C211B900B0EF7A /* Main.storyboard */,
				C648B88E22C211BB00B0EF7A /* Assets.xcassets */,
				C648B89022C211BB00B0EF7A /* LaunchScreen.storyboard */,
				C648B89322C211BB00B0EF7A /* Info.plist */,
				C648B89422C211BB00B0EF7A /* main.m */,
			);
			path = YNBluetooth;
			sourceTree = "<group>";
		};
		C648B8B922C2155D00B0EF7A /* Classes */ = {
			isa = PBXGroup;
			children = (
				C648B8BA22C2155D00B0EF7A /* BabyRhythm.h */,
				C648B8BB22C2155D00B0EF7A /* BabySpeaker.h */,
				C648B8BC22C2155D00B0EF7A /* BabyToy.m */,
				C648B8BD22C2155D00B0EF7A /* BabyCentralManager.h */,
				C648B8BE22C2155D00B0EF7A /* BabyPeripheralManager.h */,
				C648B8BF22C2155D00B0EF7A /* BabyDefine.h */,
				C648B8C022C2155D00B0EF7A /* BabyBluetooth.h */,
				C648B8C122C2155D00B0EF7A /* BabyOptions.m */,
				C648B8C222C2155D00B0EF7A /* BabyCallback.m */,
				C648B8C322C2155D00B0EF7A /* BabyPeripheralManager.m */,
				C648B8C422C2155D00B0EF7A /* BabyCentralManager.m */,
				C648B8C522C2155D00B0EF7A /* BabySpeaker.m */,
				C648B8C622C2155D00B0EF7A /* BabyToy.h */,
				C648B8C722C2155D00B0EF7A /* BabyRhythm.m */,
				C648B8C822C2155D00B0EF7A /* BabyOptions.h */,
				C648B8C922C2155D00B0EF7A /* BabyBluetooth.m */,
				C648B8CA22C2155D00B0EF7A /* BabyDefine.m */,
				C648B8CB22C2155D00B0EF7A /* BabyCallback.h */,
			);
			name = Classes;
			path = ../../YNBluetooth/Classes;
			sourceTree = "<group>";
		};
/* End PBXGroup section */

/* Begin PBXNativeTarget section */
		C648B88122C211B900B0EF7A /* YNBluetooth */ = {
			isa = PBXNativeTarget;
			buildConfigurationList = C648B89822C211BB00B0EF7A /* Build configuration list for PBXNativeTarget "YNBluetooth" */;
			buildPhases = (
				C648B87E22C211B900B0EF7A /* Sources */,
				C648B87F22C211B900B0EF7A /* Frameworks */,
				C648B88022C211B900B0EF7A /* Resources */,
			);
			buildRules = (
			);
			dependencies = (
			);
			name = YNBluetooth;
			productName = YNBluetooth;
			productReference = C648B88222C211B900B0EF7A /* YNBluetooth.app */;
			productType = "com.apple.product-type.application";
		};
/* End PBXNativeTarget section */

/* Begin PBXProject section */
		C648B87A22C211B900B0EF7A /* Project object */ = {
			isa = PBXProject;
			attributes = {
				LastUpgradeCheck = 1020;
				ORGANIZATIONNAME = YN;
				TargetAttributes = {
					C648B88122C211B900B0EF7A = {
						CreatedOnToolsVersion = 10.2.1;
					};
				};
			};
			buildConfigurationList = C648B87D22C211B900B0EF7A /* Build configuration list for PBXProject "YNBluetooth" */;
			compatibilityVersion = "Xcode 9.3";
			developmentRegion = en;
			hasScannedForEncodings = 0;
			knownRegions = (
				en,
				Base,
			);
			mainGroup = C648B87922C211B900B0EF7A;
			productRefGroup = C648B88322C211B900B0EF7A /* Products */;
			projectDirPath = "";
			projectRoot = "";
			targets = (
				C648B88122C211B900B0EF7A /* YNBluetooth */,
			);
		};
/* End PBXProject section */

/* Begin PBXResourcesBuildPhase section */
		C648B88022C211B900B0EF7A /* Resources */ = {
			isa = PBXResourcesBuildPhase;
			buildActionMask = 2147483647;
			files = (
				C648B8D622C2409E00B0EF7A /* YNBluetooth.podspec in Resources */,
				C648B89222C211BB00B0EF7A /* LaunchScreen.storyboard in Resources */,
				C648B88F22C211BB00B0EF7A /* Assets.xcassets in Resources */,
				C648B88D22C211B900B0EF7A /* Main.storyboard in Resources */,
			);
			runOnlyForDeploymentPostprocessing = 0;
		};
/* End PBXResourcesBuildPhase section */

/* Begin PBXSourcesBuildPhase section */
		C648B87E22C211B900B0EF7A /* Sources */ = {
			isa = PBXSourcesBuildPhase;
			buildActionMask = 2147483647;
			files = (
				C648B8D422C2155D00B0EF7A /* BabyDefine.m in Sources */,
				C648B8CD22C2155D00B0EF7A /* BabyOptions.m in Sources */,
				C648B8D222C2155D00B0EF7A /* BabyRhythm.m in Sources */,
				C648B8D022C2155D00B0EF7A /* BabyCentralManager.m in Sources */,
				C648B88A22C211B900B0EF7A /* ViewController.m in Sources */,
				C648B8D122C2155D00B0EF7A /* BabySpeaker.m in Sources */,
				C648B89522C211BB00B0EF7A /* main.m in Sources */,
				C648B8CC22C2155D00B0EF7A /* BabyToy.m in Sources */,
				C648B8CF22C2155D00B0EF7A /* BabyPeripheralManager.m in Sources */,
				C648B8CE22C2155D00B0EF7A /* BabyCallback.m in Sources */,
				C648B88722C211B900B0EF7A /* AppDelegate.m in Sources */,
				C648B8D322C2155D00B0EF7A /* BabyBluetooth.m in Sources */,
			);
			runOnlyForDeploymentPostprocessing = 0;
		};
/* End PBXSourcesBuildPhase section */

/* Begin PBXVariantGroup section */
		C648B88B22C211B900B0EF7A /* Main.storyboard */ = {
			isa = PBXVariantGroup;
			children = (
				C648B88C22C211B900B0EF7A /* Base */,
			);
			name = Main.storyboard;
			sourceTree = "<group>";
		};
		C648B89022C211BB00B0EF7A /* LaunchScreen.storyboard */ = {
			isa = PBXVariantGroup;
			children = (
				C648B89122C211BB00B0EF7A /* Base */,
			);
			name = LaunchScreen.storyboard;
			sourceTree = "<group>";
		};
/* End PBXVariantGroup section */

/* Begin XCBuildConfiguration section */
		C648B89622C211BB00B0EF7A /* Debug */ = {
			isa = XCBuildConfiguration;
			buildSettings = {
				ALWAYS_SEARCH_USER_PATHS = NO;
				CLANG_ANALYZER_NONNULL = YES;
				CLANG_ANALYZER_NUMBER_OBJECT_CONVERSION = YES_AGGRESSIVE;
				CLANG_CXX_LANGUAGE_STANDARD = "gnu++14";
				CLANG_CXX_LIBRARY = "libc++";
				CLANG_ENABLE_MODULES = YES;
				CLANG_ENABLE_OBJC_ARC = YES;
				CLANG_ENABLE_OBJC_WEAK = YES;
				CLANG_WARN_BLOCK_CAPTURE_AUTORELEASING = YES;
				CLANG_WARN_BOOL_CONVERSION = YES;
				CLANG_WARN_COMMA = YES;
				CLANG_WARN_CONSTANT_CONVERSION = YES;
				CLANG_WARN_DEPRECATED_OBJC_IMPLEMENTATIONS = YES;
				CLANG_WARN_DIRECT_OBJC_ISA_USAGE = YES_ERROR;
				CLANG_WARN_DOCUMENTATION_COMMENTS = YES;
				CLANG_WARN_EMPTY_BODY = YES;
				CLANG_WARN_ENUM_CONVERSION = YES;
				CLANG_WARN_INFINITE_RECURSION = YES;
				CLANG_WARN_INT_CONVERSION = YES;
				CLANG_WARN_NON_LITERAL_NULL_CONVERSION = YES;
				CLANG_WARN_OBJC_IMPLICIT_RETAIN_SELF = YES;
				CLANG_WARN_OBJC_LITERAL_CONVERSION = YES;
				CLANG_WARN_OBJC_ROOT_CLASS = YES_ERROR;
				CLANG_WARN_RANGE_LOOP_ANALYSIS = YES;
				CLANG_WARN_STRICT_PROTOTYPES = YES;
				CLANG_WARN_SUSPICIOUS_MOVE = YES;
				CLANG_WARN_UNGUARDED_AVAILABILITY = YES_AGGRESSIVE;
				CLANG_WARN_UNREACHABLE_CODE = YES;
				CLANG_WARN__DUPLICATE_METHOD_MATCH = YES;
				CODE_SIGN_IDENTITY = "iPhone Developer";
				COPY_PHASE_STRIP = NO;
				DEBUG_INFORMATION_FORMAT = dwarf;
				ENABLE_STRICT_OBJC_MSGSEND = YES;
				ENABLE_TESTABILITY = YES;
				GCC_C_LANGUAGE_STANDARD = gnu11;
				GCC_DYNAMIC_NO_PIC = NO;
				GCC_NO_COMMON_BLOCKS = YES;
				GCC_OPTIMIZATION_LEVEL = 0;
				GCC_PREPROCESSOR_DEFINITIONS = (
					"DEBUG=1",
					"$(inherited)",
				);
				GCC_WARN_64_TO_32_BIT_CONVERSION = YES;
				GCC_WARN_ABOUT_RETURN_TYPE = YES_ERROR;
				GCC_WARN_UNDECLARED_SELECTOR = YES;
				GCC_WARN_UNINITIALIZED_AUTOS = YES_AGGRESSIVE;
				GCC_WARN_UNUSED_FUNCTION = YES;
				GCC_WARN_UNUSED_VARIABLE = YES;
				IPHONEOS_DEPLOYMENT_TARGET = 12.2;
				MTL_ENABLE_DEBUG_INFO = INCLUDE_SOURCE;
				MTL_FAST_MATH = YES;
				ONLY_ACTIVE_ARCH = YES;
				SDKROOT = iphoneos;
			};
			name = Debug;
		};
		C648B89722C211BB00B0EF7A /* Release */ = {
			isa = XCBuildConfiguration;
			buildSettings = {
				ALWAYS_SEARCH_USER_PATHS = NO;
				CLANG_ANALYZER_NONNULL = YES;
				CLANG_ANALYZER_NUMBER_OBJECT_CONVERSION = YES_AGGRESSIVE;
				CLANG_CXX_LANGUAGE_STANDARD = "gnu++14";
				CLANG_CXX_LIBRARY = "libc++";
				CLANG_ENABLE_MODULES = YES;
				CLANG_ENABLE_OBJC_ARC = YES;
				CLANG_ENABLE_OBJC_WEAK = YES;
				CLANG_WARN_BLOCK_CAPTURE_AUTORELEASING = YES;
				CLANG_WARN_BOOL_CONVERSION = YES;
				CLANG_WARN_COMMA = YES;
				CLANG_WARN_CONSTANT_CONVERSION = YES;
				CLANG_WARN_DEPRECATED_OBJC_IMPLEMENTATIONS = YES;
				CLANG_WARN_DIRECT_OBJC_ISA_USAGE = YES_ERROR;
				CLANG_WARN_DOCUMENTATION_COMMENTS = YES;
				CLANG_WARN_EMPTY_BODY = YES;
				CLANG_WARN_ENUM_CONVERSION = YES;
				CLANG_WARN_INFINITE_RECURSION = YES;
				CLANG_WARN_INT_CONVERSION = YES;
				CLANG_WARN_NON_LITERAL_NULL_CONVERSION = YES;
				CLANG_WARN_OBJC_IMPLICIT_RETAIN_SELF = YES;
				CLANG_WARN_OBJC_LITERAL_CONVERSION = YES;
				CLANG_WARN_OBJC_ROOT_CLASS = YES_ERROR;
				CLANG_WARN_RANGE_LOOP_ANALYSIS = YES;
				CLANG_WARN_STRICT_PROTOTYPES = YES;
				CLANG_WARN_SUSPICIOUS_MOVE = YES;
				CLANG_WARN_UNGUARDED_AVAILABILITY = YES_AGGRESSIVE;
				CLANG_WARN_UNREACHABLE_CODE = YES;
				CLANG_WARN__DUPLICATE_METHOD_MATCH = YES;
				CODE_SIGN_IDENTITY = "iPhone Developer";
				COPY_PHASE_STRIP = NO;
				DEBUG_INFORMATION_FORMAT = "dwarf-with-dsym";
				ENABLE_NS_ASSERTIONS = NO;
				ENABLE_STRICT_OBJC_MSGSEND = YES;
				GCC_C_LANGUAGE_STANDARD = gnu11;
				GCC_NO_COMMON_BLOCKS = YES;
				GCC_WARN_64_TO_32_BIT_CONVERSION = YES;
				GCC_WARN_ABOUT_RETURN_TYPE = YES_ERROR;
				GCC_WARN_UNDECLARED_SELECTOR = YES;
				GCC_WARN_UNINITIALIZED_AUTOS = YES_AGGRESSIVE;
				GCC_WARN_UNUSED_FUNCTION = YES;
				GCC_WARN_UNUSED_VARIABLE = YES;
				IPHONEOS_DEPLOYMENT_TARGET = 12.2;
				MTL_ENABLE_DEBUG_INFO = NO;
				MTL_FAST_MATH = YES;
				SDKROOT = iphoneos;
				VALIDATE_PRODUCT = YES;
			};
			name = Release;
		};
		C648B89922C211BB00B0EF7A /* Debug */ = {
			isa = XCBuildConfiguration;
			buildSettings = {
				ASSETCATALOG_COMPILER_APPICON_NAME = AppIcon;
				CLANG_WARN_DOCUMENTATION_COMMENTS = NO;
				CODE_SIGN_STYLE = Automatic;
				DEVELOPMENT_TEAM = 3PTB3A33AK;
				INFOPLIST_FILE = YNBluetooth/Info.plist;
				IPHONEOS_DEPLOYMENT_TARGET = 12.2;
				LD_RUNPATH_SEARCH_PATHS = (
					"$(inherited)",
					"@executable_path/Frameworks",
				);
				PRODUCT_BUNDLE_IDENTIFIER = com.yn.YNBluetooth;
				PRODUCT_NAME = "$(TARGET_NAME)";
				TARGETED_DEVICE_FAMILY = "1,2";
			};
			name = Debug;
		};
		C648B89A22C211BB00B0EF7A /* Release */ = {
			isa = XCBuildConfiguration;
			buildSettings = {
				ASSETCATALOG_COMPILER_APPICON_NAME = AppIcon;
				CLANG_WARN_DOCUMENTATION_COMMENTS = NO;
				CODE_SIGN_STYLE = Automatic;
				DEVELOPMENT_TEAM = 3PTB3A33AK;
				INFOPLIST_FILE = YNBluetooth/Info.plist;
				IPHONEOS_DEPLOYMENT_TARGET = 12.2;
				LD_RUNPATH_SEARCH_PATHS = (
					"$(inherited)",
					"@executable_path/Frameworks",
				);
				PRODUCT_BUNDLE_IDENTIFIER = com.yn.YNBluetooth;
				PRODUCT_NAME = "$(TARGET_NAME)";
				TARGETED_DEVICE_FAMILY = "1,2";
			};
			name = Release;
		};
/* End XCBuildConfiguration section */

/* Begin XCConfigurationList section */
		C648B87D22C211B900B0EF7A /* Build configuration list for PBXProject "YNBluetooth" */ = {
			isa = XCConfigurationList;
			buildConfigurations = (
				C648B89622C211BB00B0EF7A /* Debug */,
				C648B89722C211BB00B0EF7A /* Release */,
			);
			defaultConfigurationIsVisible = 0;
			defaultConfigurationName = Release;
		};
		C648B89822C211BB00B0EF7A /* Build configuration list for PBXNativeTarget "YNBluetooth" */ = {
			isa = XCConfigurationList;
			buildConfigurations = (
				C648B89922C211BB00B0EF7A /* Debug */,
				C648B89A22C211BB00B0EF7A /* Release */,
			);
			defaultConfigurationIsVisible = 0;
			defaultConfigurationName = Release;
		};
/* End XCConfigurationList section */
	};
	rootObject = C648B87A22C211B900B0EF7A /* Project object */;
}
